
Microsoft Visual Studio Solution File, Format Version 12.00
# Visual Studio Version 16
VisualStudioVersion = 16.0.29201.188
MinimumVisualStudioVersion = 10.0.40219.1
Project("{FAE04EC0-301F-11D3-BF4B-00C04F79EFBC}") = "UsingLogstoFilesTechExercise", "UsingLogstoFilesTechExercise\UsingLogstoFilesTechExercise.csproj", "{340305E5-F465-4278-887A-6C5E697BD876}"
EndProject
Global
	GlobalSection(SolutionConfigurationPlatforms) = preSolution
		Debug|Any CPU = Debug|Any CPU
		Release|Any CPU = Release|Any CPU
	EndGlobalSection
	GlobalSection(ProjectConfigurationPlatforms) = postSolution
		{340305E5-F465-4278-887A-6C5E697BD876}.Debug|Any CPU.ActiveCfg = Debug|Any CPU
		{340305E5-F465-4278-887A-6C5E697BD876}.Debug|Any CPU.Build.0 = Debug|Any CPU
		{340305E5-F465-4278-887A-6C5E697BD876}.Release|Any CPU.ActiveCfg = Release|Any CPU
		{340305E5-F465-4278-887A-6C5E697BD876}.Release|Any CPU.Build.0 = Release|Any CPU
	EndGlobalSection
	GlobalSection(SolutionProperties) = preSolution
		HideSolutionNode = FALSE
	EndGlobalSection
	GlobalSection(ExtensibilityGlobals) = postSolution
		SolutionGuid = {8E32EA12-1BA6-4B66-AC71-C2E2091C43EC}
	EndGlobalSection
EndGlobal
