
Microsoft Visual Studio Solution File, Format Version 12.00
# Visual Studio Version 16
VisualStudioVersion = 16.0.29201.188
MinimumVisualStudioVersion = 10.0.40219.1
Project("{FAE04EC0-301F-11D3-BF4B-00C04F79EFBC}") = "CarQuoteInsurance", "CarQuoteInsurance\CarQuoteInsurance.csproj", "{746A6C3F-7E2F-4536-A9E3-C165E8AE1E84}"
EndProject
Global
	GlobalSection(SolutionConfigurationPlatforms) = preSolution
		Debug|Any CPU = Debug|Any CPU
		Release|Any CPU = Release|Any CPU
	EndGlobalSection
	GlobalSection(ProjectConfigurationPlatforms) = postSolution
		{746A6C3F-7E2F-4536-A9E3-C165E8AE1E84}.Debug|Any CPU.ActiveCfg = Debug|Any CPU
		{746A6C3F-7E2F-4536-A9E3-C165E8AE1E84}.Debug|Any CPU.Build.0 = Debug|Any CPU
		{746A6C3F-7E2F-4536-A9E3-C165E8AE1E84}.Release|Any CPU.ActiveCfg = Release|Any CPU
		{746A6C3F-7E2F-4536-A9E3-C165E8AE1E84}.Release|Any CPU.Build.0 = Release|Any CPU
	EndGlobalSection
	GlobalSection(SolutionProperties) = preSolution
		HideSolutionNode = FALSE
	EndGlobalSection
	GlobalSection(ExtensibilityGlobals) = postSolution
		SolutionGuid = {56687BBC-820C-4285-8202-29FE65B4A873}
	EndGlobalSection
EndGlobal
