
Microsoft Visual Studio Solution File, Format Version 12.00
# Visual Studio Version 16
VisualStudioVersion = 16.0.29201.188
MinimumVisualStudioVersion = 10.0.40219.1
Project("{FAE04EC0-301F-11D3-BF4B-00C04F79EFBC}") = "ClassWithVoidMethodAndOutputMethod", "ClassWithVoidMethodAndOutputMethod\ClassWithVoidMethodAndOutputMethod.csproj", "{920AF06B-4210-436F-83EF-76AF6F0D01A5}"
EndProject
Global
	GlobalSection(SolutionConfigurationPlatforms) = preSolution
		Debug|Any CPU = Debug|Any CPU
		Release|Any CPU = Release|Any CPU
	EndGlobalSection
	GlobalSection(ProjectConfigurationPlatforms) = postSolution
		{920AF06B-4210-436F-83EF-76AF6F0D01A5}.Debug|Any CPU.ActiveCfg = Debug|Any CPU
		{920AF06B-4210-436F-83EF-76AF6F0D01A5}.Debug|Any CPU.Build.0 = Debug|Any CPU
		{920AF06B-4210-436F-83EF-76AF6F0D01A5}.Release|Any CPU.ActiveCfg = Release|Any CPU
		{920AF06B-4210-436F-83EF-76AF6F0D01A5}.Release|Any CPU.Build.0 = Release|Any CPU
	EndGlobalSection
	GlobalSection(SolutionProperties) = preSolution
		HideSolutionNode = FALSE
	EndGlobalSection
	GlobalSection(ExtensibilityGlobals) = postSolution
		SolutionGuid = {29461F8D-3FDA-4623-AC47-5A13C99E6F0C}
	EndGlobalSection
EndGlobal
