
Microsoft Visual Studio Solution File, Format Version 12.00
# Visual Studio Version 16
VisualStudioVersion = 16.0.29201.188
MinimumVisualStudioVersion = 10.0.40219.1
Project("{FAE04EC0-301F-11D3-BF4B-00C04F79EFBC}") = "TechAcadFirstInterfaceExercise", "TechAcadFirstInterfaceExercise\TechAcadFirstInterfaceExercise.csproj", "{D171F247-9F21-4664-9F81-31D578DF6B6A}"
EndProject
Global
	GlobalSection(SolutionConfigurationPlatforms) = preSolution
		Debug|Any CPU = Debug|Any CPU
		Release|Any CPU = Release|Any CPU
	EndGlobalSection
	GlobalSection(ProjectConfigurationPlatforms) = postSolution
		{D171F247-9F21-4664-9F81-31D578DF6B6A}.Debug|Any CPU.ActiveCfg = Debug|Any CPU
		{D171F247-9F21-4664-9F81-31D578DF6B6A}.Debug|Any CPU.Build.0 = Debug|Any CPU
		{D171F247-9F21-4664-9F81-31D578DF6B6A}.Release|Any CPU.ActiveCfg = Release|Any CPU
		{D171F247-9F21-4664-9F81-31D578DF6B6A}.Release|Any CPU.Build.0 = Release|Any CPU
	EndGlobalSection
	GlobalSection(SolutionProperties) = preSolution
		HideSolutionNode = FALSE
	EndGlobalSection
	GlobalSection(ExtensibilityGlobals) = postSolution
		SolutionGuid = {5A87A328-3EA8-4EA5-A2F2-EF72F96256A0}
	EndGlobalSection
EndGlobal
