
Microsoft Visual Studio Solution File, Format Version 12.00
# Visual Studio Version 16
VisualStudioVersion = 16.0.29201.188
MinimumVisualStudioVersion = 10.0.40219.1
Project("{FAE04EC0-301F-11D3-BF4B-00C04F79EFBC}") = "MVCOne", "MVCOne\MVCOne.csproj", "{CD76064C-D2B4-4D9A-8E8A-1E68C03F66DF}"
EndProject
Global
	GlobalSection(SolutionConfigurationPlatforms) = preSolution
		Debug|Any CPU = Debug|Any CPU
		Release|Any CPU = Release|Any CPU
	EndGlobalSection
	GlobalSection(ProjectConfigurationPlatforms) = postSolution
		{CD76064C-D2B4-4D9A-8E8A-1E68C03F66DF}.Debug|Any CPU.ActiveCfg = Debug|Any CPU
		{CD76064C-D2B4-4D9A-8E8A-1E68C03F66DF}.Debug|Any CPU.Build.0 = Debug|Any CPU
		{CD76064C-D2B4-4D9A-8E8A-1E68C03F66DF}.Release|Any CPU.ActiveCfg = Release|Any CPU
		{CD76064C-D2B4-4D9A-8E8A-1E68C03F66DF}.Release|Any CPU.Build.0 = Release|Any CPU
	EndGlobalSection
	GlobalSection(SolutionProperties) = preSolution
		HideSolutionNode = FALSE
	EndGlobalSection
	GlobalSection(ExtensibilityGlobals) = postSolution
		SolutionGuid = {DDF88CE6-6A3D-4E1C-942B-8EC4D02D79BA}
	EndGlobalSection
EndGlobal
