
Microsoft Visual Studio Solution File, Format Version 12.00
# Visual Studio Version 16
VisualStudioVersion = 16.0.29201.188
MinimumVisualStudioVersion = 10.0.40219.1
Project("{FAE04EC0-301F-11D3-BF4B-00C04F79EFBC}") = "UniversityMVC", "UniversityMVC\UniversityMVC.csproj", "{CCCB0ADE-AED8-4E0B-B520-EF260F48AA83}"
EndProject
Global
	GlobalSection(SolutionConfigurationPlatforms) = preSolution
		Debug|Any CPU = Debug|Any CPU
		Release|Any CPU = Release|Any CPU
	EndGlobalSection
	GlobalSection(ProjectConfigurationPlatforms) = postSolution
		{CCCB0ADE-AED8-4E0B-B520-EF260F48AA83}.Debug|Any CPU.ActiveCfg = Debug|Any CPU
		{CCCB0ADE-AED8-4E0B-B520-EF260F48AA83}.Debug|Any CPU.Build.0 = Debug|Any CPU
		{CCCB0ADE-AED8-4E0B-B520-EF260F48AA83}.Release|Any CPU.ActiveCfg = Release|Any CPU
		{CCCB0ADE-AED8-4E0B-B520-EF260F48AA83}.Release|Any CPU.Build.0 = Release|Any CPU
	EndGlobalSection
	GlobalSection(SolutionProperties) = preSolution
		HideSolutionNode = FALSE
	EndGlobalSection
	GlobalSection(ExtensibilityGlobals) = postSolution
		SolutionGuid = {3D786649-3755-427D-A57B-FDAB09AE7C68}
	EndGlobalSection
EndGlobal
