
Microsoft Visual Studio Solution File, Format Version 12.00
# Visual Studio Version 16
VisualStudioVersion = 16.0.29201.188
MinimumVisualStudioVersion = 10.0.40219.1
Project("{FAE04EC0-301F-11D3-BF4B-00C04F79EFBC}") = "WorkingWithEnums", "WorkingWithEnums\WorkingWithEnums.csproj", "{BAD9247B-2D93-44D0-8FB8-A4278C71B832}"
EndProject
Global
	GlobalSection(SolutionConfigurationPlatforms) = preSolution
		Debug|Any CPU = Debug|Any CPU
		Release|Any CPU = Release|Any CPU
	EndGlobalSection
	GlobalSection(ProjectConfigurationPlatforms) = postSolution
		{BAD9247B-2D93-44D0-8FB8-A4278C71B832}.Debug|Any CPU.ActiveCfg = Debug|Any CPU
		{BAD9247B-2D93-44D0-8FB8-A4278C71B832}.Debug|Any CPU.Build.0 = Debug|Any CPU
		{BAD9247B-2D93-44D0-8FB8-A4278C71B832}.Release|Any CPU.ActiveCfg = Release|Any CPU
		{BAD9247B-2D93-44D0-8FB8-A4278C71B832}.Release|Any CPU.Build.0 = Release|Any CPU
	EndGlobalSection
	GlobalSection(SolutionProperties) = preSolution
		HideSolutionNode = FALSE
	EndGlobalSection
	GlobalSection(ExtensibilityGlobals) = postSolution
		SolutionGuid = {E126F40D-5321-41CA-9E21-490F7A269DBE}
	EndGlobalSection
EndGlobal
