
Microsoft Visual Studio Solution File, Format Version 12.00
# Visual Studio Version 16
VisualStudioVersion = 16.0.29201.188
MinimumVisualStudioVersion = 10.0.40219.1
Project("{9A19103F-16F7-4668-BE54-9A1E7A4F7556}") = "Employee Exercises", "Inheritance_Part_1\Employee Exercises.csproj", "{9EED795B-0EE3-4D71-B56C-FA37A9325F60}"
EndProject
Global
	GlobalSection(SolutionConfigurationPlatforms) = preSolution
		Debug|Any CPU = Debug|Any CPU
		Release|Any CPU = Release|Any CPU
	EndGlobalSection
	GlobalSection(ProjectConfigurationPlatforms) = postSolution
		{9EED795B-0EE3-4D71-B56C-FA37A9325F60}.Debug|Any CPU.ActiveCfg = Debug|Any CPU
		{9EED795B-0EE3-4D71-B56C-FA37A9325F60}.Debug|Any CPU.Build.0 = Debug|Any CPU
		{9EED795B-0EE3-4D71-B56C-FA37A9325F60}.Release|Any CPU.ActiveCfg = Release|Any CPU
		{9EED795B-0EE3-4D71-B56C-FA37A9325F60}.Release|Any CPU.Build.0 = Release|Any CPU
	EndGlobalSection
	GlobalSection(SolutionProperties) = preSolution
		HideSolutionNode = FALSE
	EndGlobalSection
	GlobalSection(ExtensibilityGlobals) = postSolution
		SolutionGuid = {83ABE295-B957-410E-8572-690028C6B769}
	EndGlobalSection
EndGlobal
